
Microsoft Visual Studio Solution File, Format Version 12.00
# Visual Studio Version 17
VisualStudioVersion = 17.9.34622.214
MinimumVisualStudioVersion = 10.0.40219.1
Project("{F2A71F9B-5D33-465A-A702-920D77279786}") = "WebApplication1", "WebApplication1\WebApplication1.fsproj", "{965DCA2B-5D89-40AC-BDAA-74AB16EABDE8}"
EndProject
Global
	GlobalSection(SolutionConfigurationPlatforms) = preSolution
		Debug|Any CPU = Debug|Any CPU
		Release|Any CPU = Release|Any CPU
	EndGlobalSection
	GlobalSection(ProjectConfigurationPlatforms) = postSolution
		{965DCA2B-5D89-40AC-BDAA-74AB16EABDE8}.Debug|Any CPU.ActiveCfg = Debug|Any CPU
		{965DCA2B-5D89-40AC-BDAA-74AB16EABDE8}.Debug|Any CPU.Build.0 = Debug|Any CPU
		{965DCA2B-5D89-40AC-BDAA-74AB16EABDE8}.Release|Any CPU.ActiveCfg = Release|Any CPU
		{965DCA2B-5D89-40AC-BDAA-74AB16EABDE8}.Release|Any CPU.Build.0 = Release|Any CPU
	EndGlobalSection
	GlobalSection(SolutionProperties) = preSolution
		HideSolutionNode = FALSE
	EndGlobalSection
	GlobalSection(ExtensibilityGlobals) = postSolution
		SolutionGuid = {A8946495-DB84-4C01-A315-55C57366BB5B}
	EndGlobalSection
EndGlobal
